
Microsoft Visual Studio Solution File, Format Version 12.00
# Visual Studio Version 17
VisualStudioVersion = 17.7.34031.279
MinimumVisualStudioVersion = 10.0.40219.1
Project("{FAE04EC0-301F-11D3-BF4B-00C04F79EFBC}") = "McDonalds_Monopoly_generator", "McDonalds_Monopoly_generator\McDonalds_Monopoly_generator.csproj", "{239C22A9-6605-4187-A05D-BB1EA9A73044}"
EndProject
Global
	GlobalSection(SolutionConfigurationPlatforms) = preSolution
		Debug|Any CPU = Debug|Any CPU
		Release|Any CPU = Release|Any CPU
	EndGlobalSection
	GlobalSection(ProjectConfigurationPlatforms) = postSolution
		{239C22A9-6605-4187-A05D-BB1EA9A73044}.Debug|Any CPU.ActiveCfg = Debug|Any CPU
		{239C22A9-6605-4187-A05D-BB1EA9A73044}.Debug|Any CPU.Build.0 = Debug|Any CPU
		{239C22A9-6605-4187-A05D-BB1EA9A73044}.Release|Any CPU.ActiveCfg = Release|Any CPU
		{239C22A9-6605-4187-A05D-BB1EA9A73044}.Release|Any CPU.Build.0 = Release|Any CPU
	EndGlobalSection
	GlobalSection(SolutionProperties) = preSolution
		HideSolutionNode = FALSE
	EndGlobalSection
	GlobalSection(ExtensibilityGlobals) = postSolution
		SolutionGuid = {4D7034DC-1D93-4694-9C53-A4AB8784C7C3}
	EndGlobalSection
EndGlobal
